
Microsoft Visual Studio Solution File, Format Version 12.00
# Visual Studio 14
VisualStudioVersion = 14.0.25123.0
MinimumVisualStudioVersion = 10.0.40219.1
Project("{FAE04EC0-301F-11D3-BF4B-00C04F79EFBC}") = "App2", "App2.csproj", "{DE255205-4994-441A-ABCA-02C02A044EBB}"
EndProject
Global
	GlobalSection(SolutionConfigurationPlatforms) = preSolution
		Debug|Any CPU = Debug|Any CPU
		Debug|ARM = Debug|ARM
		Debug|x86 = Debug|x86
		Release|Any CPU = Release|Any CPU
		Release|ARM = Release|ARM
		Release|x86 = Release|x86
	EndGlobalSection
	GlobalSection(ProjectConfigurationPlatforms) = postSolution
		{DE255205-4994-441A-ABCA-02C02A044EBB}.Debug|Any CPU.ActiveCfg = Debug|Any CPU
		{DE255205-4994-441A-ABCA-02C02A044EBB}.Debug|Any CPU.Build.0 = Debug|Any CPU
		{DE255205-4994-441A-ABCA-02C02A044EBB}.Debug|Any CPU.Deploy.0 = Debug|Any CPU
		{DE255205-4994-441A-ABCA-02C02A044EBB}.Debug|ARM.ActiveCfg = Debug|ARM
		{DE255205-4994-441A-ABCA-02C02A044EBB}.Debug|ARM.Build.0 = Debug|ARM
		{DE255205-4994-441A-ABCA-02C02A044EBB}.Debug|ARM.Deploy.0 = Debug|ARM
		{DE255205-4994-441A-ABCA-02C02A044EBB}.Debug|x86.ActiveCfg = Debug|x86
		{DE255205-4994-441A-ABCA-02C02A044EBB}.Debug|x86.Build.0 = Debug|x86
		{DE255205-4994-441A-ABCA-02C02A044EBB}.Debug|x86.Deploy.0 = Debug|x86
		{DE255205-4994-441A-ABCA-02C02A044EBB}.Release|Any CPU.ActiveCfg = Release|Any CPU
		{DE255205-4994-441A-ABCA-02C02A044EBB}.Release|Any CPU.Build.0 = Release|Any CPU
		{DE255205-4994-441A-ABCA-02C02A044EBB}.Release|Any CPU.Deploy.0 = Release|Any CPU
		{DE255205-4994-441A-ABCA-02C02A044EBB}.Release|ARM.ActiveCfg = Release|ARM
		{DE255205-4994-441A-ABCA-02C02A044EBB}.Release|ARM.Build.0 = Release|ARM
		{DE255205-4994-441A-ABCA-02C02A044EBB}.Release|ARM.Deploy.0 = Release|ARM
		{DE255205-4994-441A-ABCA-02C02A044EBB}.Release|x86.ActiveCfg = Release|x86
		{DE255205-4994-441A-ABCA-02C02A044EBB}.Release|x86.Build.0 = Release|x86
		{DE255205-4994-441A-ABCA-02C02A044EBB}.Release|x86.Deploy.0 = Release|x86
	EndGlobalSection
	GlobalSection(SolutionProperties) = preSolution
		HideSolutionNode = FALSE
	EndGlobalSection
EndGlobal
